github.com/edsrzf/mmap-go v1.2.0 h1:hXLYlkbaPzt1SaQk+anYwKSRNhufIDCchSPkUD6dD84=
github.com/edsrzf/mmap-go v1.2.0/go.mod h1:19H/e8pUPLicwkyNgOykDXkJ9F0MHE+Z52B8EIth78Q=
github.com/pbnjay/pixfont v0.0.0-20200714042608-33b744692567 h1:pKjmNHL7BCXhgsnSlN6Ov3WAN2jbJMCx6IvrMN9GNfc=
github.com/pbnjay/pixfont v0.0.0-20200714042608-33b744692567/go.mod h1:ytYavTmrpWG4s7UOfDhP6m4ASL5XA66nrOcUn1e2M78=
golang.org/x/sys v0.0.0-20211216021012-1d35b9e2eb4e h1:fLOSk5Q00efkSvAm+4xcoXD+RRmLmmulPn5I3Y9F2EM=
golang.org/x/sys v0.0.0-20211216021012-1d35b9e2eb4e/go.mod h1:oPkhp1MJrh7nUepCBck5+mAzfO9JrbApNNgaTdGDITg=
